<?xml version="1.0" encoding="utf-8"?>
<Project ToolsVersion="4.0" xmlns="http://schemas.microsoft.com/developer/msbuild/2003">
  <ItemGroup>
    <Filter Include="Source Files">
      <UniqueIdentifier>{4FC737F1-C7A5-4376-A066-2A32D752A2FF}</UniqueIdentifier>
      <Extensions>cpp;c;cc;cxx;def;odl;idl;hpj;bat;asm;asmx</Extensions>
    </Filter>
    <Filter Include="Header Files">
      <UniqueIdentifier>{93995380-89BD-4b04-88EB-625FBE52EBFB}</UniqueIdentifier>
      <Extensions>h;hh;hpp;hxx;hm;inl;inc;xsd</Extensions>
    </Filter>
    <Filter Include="Resource Files">
      <UniqueIdentifier>{67DA6AB6-F800-4c08-8B7A-83BB121AAD01}</UniqueIdentifier>
      <Extensions>rc;ico;cur;bmp;dlg;rc2;rct;bin;rgs;gif;jpg;jpeg;jpe;resx;tiff;tif;png;wav;mfcribbon-ms</Extensions>
    </Filter>
    <Filter Include="Source Files\Hospital">
      <UniqueIdentifier>{5c60ab74-fc2e-46bc-b431-bb380c3524b9}</UniqueIdentifier>
    </Filter>
    <Filter Include="Source Files\Community">
      <UniqueIdentifier>{3bed10e6-716d-4f6e-9212-e2ae0fc295c0}</UniqueIdentifier>
    </Filter>
    <Filter Include="Source Files\TestModule">
      <UniqueIdentifier>{d37670cf-e592-4dcd-8f59-f48cebff05ab}</UniqueIdentifier>
    </Filter>
    <Filter Include="Source Files\TestModule\Stretagy">
      <UniqueIdentifier>{89ef50a1-20b4-4138-86b6-6fdd30426b1d}</UniqueIdentifier>
    </Filter>
  </ItemGroup>
  <ItemGroup>
    <ClCompile Include="mainTest.cpp">
      <Filter>Source Files</Filter>
    </ClCompile>
    <ClCompile Include="FCFS.cpp">
      <Filter>Source Files\TestModule\Stretagy</Filter>
    </ClCompile>
    <ClCompile Include="Strategy.cpp">
      <Filter>Source Files\TestModule\Stretagy</Filter>
    </ClCompile>
    <ClCompile Include="Hospital.cpp">
      <Filter>Source Files\Hospital</Filter>
    </ClCompile>
    <ClCompile Include="PhysicianList.cpp">
      <Filter>Source Files\Hospital</Filter>
    </ClCompile>
    <ClCompile Include="Physician.cpp">
      <Filter>Source Files\Hospital</Filter>
    </ClCompile>
    <ClCompile Include="Patient.cpp">
      <Filter>Source Files\Community</Filter>
    </ClCompile>
    <ClCompile Include="PatientGenerater.cpp">
      <Filter>Source Files\Community</Filter>
    </ClCompile>
    <ClCompile Include="PatientList.cpp">
      <Filter>Source Files\Community</Filter>
    </ClCompile>
    <ClCompile Include="TestModule.cpp">
      <Filter>Source Files\TestModule</Filter>
    </ClCompile>
    <ClCompile Include="ParkFirstFCFS.cpp">
      <Filter>Source Files\TestModule\Stretagy</Filter>
    </ClCompile>
    <ClCompile Include="Reporter.cpp">
      <Filter>Source Files\TestModule</Filter>
    </ClCompile>
  </ItemGroup>
  <ItemGroup>
    <ClInclude Include="ArrayList.h">
      <Filter>Header Files</Filter>
    </ClInclude>
    <ClInclude Include="const.h">
      <Filter>Header Files</Filter>
    </ClInclude>
    <ClInclude Include="FCFS.h">
      <Filter>Header Files</Filter>
    </ClInclude>
    <ClInclude Include="Hospital.h">
      <Filter>Header Files</Filter>
    </ClInclude>
    <ClInclude Include="mainTest.h">
      <Filter>Header Files</Filter>
    </ClInclude>
    <ClInclude Include="Patient.h">
      <Filter>Header Files</Filter>
    </ClInclude>
    <ClInclude Include="PatientGenerater.h">
      <Filter>Header Files</Filter>
    </ClInclude>
    <ClInclude Include="PatientList.h">
      <Filter>Header Files</Filter>
    </ClInclude>
    <ClInclude Include="Physician.h">
      <Filter>Header Files</Filter>
    </ClInclude>
    <ClInclude Include="PhysicianList.h">
      <Filter>Header Files</Filter>
    </ClInclude>
    <ClInclude Include="Reporter.h">
      <Filter>Header Files</Filter>
    </ClInclude>
    <ClInclude Include="Strategy.h">
      <Filter>Header Files</Filter>
    </ClInclude>
    <ClInclude Include="TestModule.h">
      <Filter>Header Files</Filter>
    </ClInclude>
    <ClInclude Include="ParkFirstFCFS.h">
      <Filter>Header Files</Filter>
    </ClInclude>
  </ItemGroup>
  <ItemGroup>
    <None Include="SamplePatientList.csv">
      <Filter>Resource Files</Filter>
    </None>
  </ItemGroup>
</Project>